Microsoft Visual Studio Solution File, Format Version 12.00
# Visual Studio Version 18
VisualStudioVersion = 18.4.11626.88
MinimumVisualStudioVersion = 10.0.40219.1
Project("{FAE04EC0-301F-11D3-BF4B-00C04F79EFBC}") = "RestaurantFinal", "RestaurantFinal\RestaurantFinal.csproj", "{965424EA-C83D-4667-97C8-832ABA089FDD}"
EndProject
Project("{FAE04EC0-301F-11D3-BF4B-00C04F79EFBC}") = "Restaurant.Models", "Restaurant.Models\Restaurant.Models.csproj", "{CD6B5E02-697C-4588-B889-285CD62758C6}"
EndProject
Project("{FAE04EC0-301F-11D3-BF4B-00C04F79EFBC}") = "Restaurant.Data", "Restaurant.Data\Restaurant.Data.csproj", "{9F2CCAD4-D931-4E41-8087-D6A2058196E5}"
EndProject
Project("{FAE04EC0-301F-11D3-BF4B-00C04F79EFBC}") = "Restaurant.Utility", "Restaurant.Utility\Restaurant.Utility.csproj", "{3265A3AB-39F3-4BC9-A66F-1D45FD0C8BDE}"
EndProject
Project("{FAE04EC0-301F-11D3-BF4B-00C04F79EFBC}") = "Restaurant.Models.Tests", "Restaurant.Models.Tests\Restaurant.Models.Tests.csproj", "{2FEC50A3-2FD3-452D-8C23-C0FDF89BC17B}"
EndProject
Project("{FAE04EC0-301F-11D3-BF4B-00C04F79EFBC}") = "Restaurant.Utility.Tests", "Restaurant.Utility.Tests\Restaurant.Utility.Tests.csproj", "{0BDC3D00-7386-47D8-A0D1-66035C608711}"
EndProject
Global
	GlobalSection(SolutionConfigurationPlatforms) = preSolution
		Debug|Any CPU = Debug|Any CPU
		Release|Any CPU = Release|Any CPU
	EndGlobalSection
	GlobalSection(ProjectConfigurationPlatforms) = postSolution
		{965424EA-C83D-4667-97C8-832ABA089FDD}.Debug|Any CPU.ActiveCfg = Debug|Any CPU
		{965424EA-C83D-4667-97C8-832ABA089FDD}.Debug|Any CPU.Build.0 = Debug|Any CPU
		{965424EA-C83D-4667-97C8-832ABA089FDD}.Release|Any CPU.ActiveCfg = Release|Any CPU
		{965424EA-C83D-4667-97C8-832ABA089FDD}.Release|Any CPU.Build.0 = Release|Any CPU
		{CD6B5E02-697C-4588-B889-285CD62758C6}.Debug|Any CPU.ActiveCfg = Debug|Any CPU
		{CD6B5E02-697C-4588-B889-285CD62758C6}.Debug|Any CPU.Build.0 = Debug|Any CPU
		{CD6B5E02-697C-4588-B889-285CD62758C6}.Release|Any CPU.ActiveCfg = Release|Any CPU
		{CD6B5E02-697C-4588-B889-285CD62758C6}.Release|Any CPU.Build.0 = Release|Any CPU
		{9F2CCAD4-D931-4E41-8087-D6A2058196E5}.Debug|Any CPU.ActiveCfg = Debug|Any CPU
		{9F2CCAD4-D931-4E41-8087-D6A2058196E5}.Debug|Any CPU.Build.0 = Debug|Any CPU
		{9F2CCAD4-D931-4E41-8087-D6A2058196E5}.Release|Any CPU.ActiveCfg = Release|Any CPU
		{9F2CCAD4-D931-4E41-8087-D6A2058196E5}.Release|Any CPU.Build.0 = Release|Any CPU
		{3265A3AB-39F3-4BC9-A66F-1D45FD0C8BDE}.Debug|Any CPU.ActiveCfg = Debug|Any CPU
		{3265A3AB-39F3-4BC9-A66F-1D45FD0C8BDE}.Debug|Any CPU.Build.0 = Debug|Any CPU
		{3265A3AB-39F3-4BC9-A66F-1D45FD0C8BDE}.Release|Any CPU.ActiveCfg = Release|Any CPU
		{3265A3AB-39F3-4BC9-A66F-1D45FD0C8BDE}.Release|Any CPU.Build.0 = Release|Any CPU
		{2FEC50A3-2FD3-452D-8C23-C0FDF89BC17B}.Debug|Any CPU.ActiveCfg = Debug|Any CPU
		{2FEC50A3-2FD3-452D-8C23-C0FDF89BC17B}.Debug|Any CPU.Build.0 = Debug|Any CPU
		{2FEC50A3-2FD3-452D-8C23-C0FDF89BC17B}.Release|Any CPU.ActiveCfg = Release|Any CPU
		{2FEC50A3-2FD3-452D-8C23-C0FDF89BC17B}.Release|Any CPU.Build.0 = Release|Any CPU
		{0BDC3D00-7386-47D8-A0D1-66035C608711}.Debug|Any CPU.ActiveCfg = Debug|Any CPU
		{0BDC3D00-7386-47D8-A0D1-66035C608711}.Debug|Any CPU.Build.0 = Debug|Any CPU
		{0BDC3D00-7386-47D8-A0D1-66035C608711}.Release|Any CPU.ActiveCfg = Release|Any CPU
		{0BDC3D00-7386-47D8-A0D1-66035C608711}.Release|Any CPU.Build.0 = Release|Any CPU
	EndGlobalSection
	GlobalSection(SolutionProperties) = preSolution
		HideSolutionNode = FALSE
	EndGlobalSection
	GlobalSection(ExtensibilityGlobals) = postSolution
		SolutionGuid = {10D05487-AE2C-4280-97C8-F64C60862F9B}
	EndGlobalSection
EndGlobal
